// !$*UTF8*$!
{
	archiveVersion = 1;
	classes = {
	};
	objectVersion = 51;
	objects = {

/* Begin PBXBuildFile section */
		48C3480AC9285D35D439DAD8 /* Pods_PakiApp.framework in Frameworks */ = {isa = PBXBuildFile; fileRef = 16173FCBCA9AF0B1C41B7F4F /* Pods_PakiApp.framework */; };
		E33A72E92454767C00AAD61A /* AppDelegate.swift in Sources */ = {isa = PBXBuildFile; fileRef = E33A72E82454767C00AAD61A /* AppDelegate.swift */; };
		E33A72EB2454767C00AAD61A /* SceneDelegate.swift in Sources */ = {isa = PBXBuildFile; fileRef = E33A72EA2454767C00AAD61A /* SceneDelegate.swift */; };
		E33A72F22454767F00AAD61A /* Assets.xcassets in Resources */ = {isa = PBXBuildFile; fileRef = E33A72F12454767F00AAD61A /* Assets.xcassets */; };
		E33A72F52454767F00AAD61A /* LaunchScreen.storyboard in Resources */ = {isa = PBXBuildFile; fileRef = E33A72F32454767F00AAD61A /* LaunchScreen.storyboard */; };
		E33A72FD245477EC00AAD61A /* GoogleService-Info.plist in Resources */ = {isa = PBXBuildFile; fileRef = E33A72FC245477EC00AAD61A /* GoogleService-Info.plist */; };
		E33A72FF2454851300AAD61A /* Main.storyboard in Resources */ = {isa = PBXBuildFile; fileRef = E33A72FE2454851300AAD61A /* Main.storyboard */; };
		E33A731A2454856E00AAD61A /* PakiView.swift in Sources */ = {isa = PBXBuildFile; fileRef = E33A73002454855400AAD61A /* PakiView.swift */; };
		E33A731B2454856E00AAD61A /* CalendarCollectionViewCell.swift in Sources */ = {isa = PBXBuildFile; fileRef = E33A73012454855500AAD61A /* CalendarCollectionViewCell.swift */; };
		E33A731C2454856E00AAD61A /* FeedHeaderView.xib in Resources */ = {isa = PBXBuildFile; fileRef = E33A73022454855600AAD61A /* FeedHeaderView.xib */; };
		E33A731D2454856E00AAD61A /* ProfileVC.swift in Sources */ = {isa = PBXBuildFile; fileRef = E33A73032454855700AAD61A /* ProfileVC.swift */; };
		E33A731E2454856E00AAD61A /* FeedHeaderView.swift in Sources */ = {isa = PBXBuildFile; fileRef = E33A73042454855800AAD61A /* FeedHeaderView.swift */; };
		E33A73202454856E00AAD61A /* FeedVC.swift in Sources */ = {isa = PBXBuildFile; fileRef = E33A73062454855A00AAD61A /* FeedVC.swift */; };
		E33A73212454856E00AAD61A /* CommentsHeaderView.swift in Sources */ = {isa = PBXBuildFile; fileRef = E33A73072454855B00AAD61A /* CommentsHeaderView.swift */; };
		E33A73222454856E00AAD61A /* FeedCollectionViewCell.xib in Resources */ = {isa = PBXBuildFile; fileRef = E33A73082454855D00AAD61A /* FeedCollectionViewCell.xib */; };
		E33A73232454856E00AAD61A /* CalendarCollectionViewCell.xib in Resources */ = {isa = PBXBuildFile; fileRef = E33A73092454855E00AAD61A /* CalendarCollectionViewCell.xib */; };
		E33A73242454856E00AAD61A /* CommentsHeaderView.xib in Resources */ = {isa = PBXBuildFile; fileRef = E33A730A2454855F00AAD61A /* CommentsHeaderView.xib */; };
		E33A73252454856E00AAD61A /* ViewX.swift in Sources */ = {isa = PBXBuildFile; fileRef = E33A730B2454856000AAD61A /* ViewX.swift */; };
		E33A73262454856E00AAD61A /* ReplyVC.swift in Sources */ = {isa = PBXBuildFile; fileRef = E33A730C2454856100AAD61A /* ReplyVC.swift */; };
		E33A73272454856E00AAD61A /* PakiView.xib in Resources */ = {isa = PBXBuildFile; fileRef = E33A730D2454856200AAD61A /* PakiView.xib */; };
		E33A73282454856E00AAD61A /* FeedCollectionViewCell.swift in Sources */ = {isa = PBXBuildFile; fileRef = E33A730E2454856300AAD61A /* FeedCollectionViewCell.swift */; };
		E33A73292454856E00AAD61A /* StatsTableViewCell.xib in Resources */ = {isa = PBXBuildFile; fileRef = E33A730F2454856400AAD61A /* StatsTableViewCell.xib */; };
		E33A732A2454856E00AAD61A /* ExtensionsManager.swift in Sources */ = {isa = PBXBuildFile; fileRef = E33A73102454856500AAD61A /* ExtensionsManager.swift */; };
		E33A732B2454856E00AAD61A /* ImageViewX.swift in Sources */ = {isa = PBXBuildFile; fileRef = E33A73112454856600AAD61A /* ImageViewX.swift */; };
		E33A732F2454856E00AAD61A /* CommentsVC.swift in Sources */ = {isa = PBXBuildFile; fileRef = E33A73152454856A00AAD61A /* CommentsVC.swift */; };
		E33A73312454856E00AAD61A /* ButtonX.swift in Sources */ = {isa = PBXBuildFile; fileRef = E33A73172454856C00AAD61A /* ButtonX.swift */; };
		E33A73322454856E00AAD61A /* StatsTableViewCell.swift in Sources */ = {isa = PBXBuildFile; fileRef = E33A73182454856D00AAD61A /* StatsTableViewCell.swift */; };
		E33A73332454856E00AAD61A /* CalendarVC.swift in Sources */ = {isa = PBXBuildFile; fileRef = E33A73192454856E00AAD61A /* CalendarVC.swift */; };
		E33A733524548B9A00AAD61A /* AnswerView.swift in Sources */ = {isa = PBXBuildFile; fileRef = E33A733424548B9A00AAD61A /* AnswerView.swift */; };
		E33A733724548BEA00AAD61A /* AnswerView.xib in Resources */ = {isa = PBXBuildFile; fileRef = E33A733624548BEA00AAD61A /* AnswerView.xib */; };
		E33A733E2455FBF600AAD61A /* DatabaseManager.swift in Sources */ = {isa = PBXBuildFile; fileRef = E33A733D2455FBF600AAD61A /* DatabaseManager.swift */; };
		E33A73402455FD2900AAD61A /* Post.swift in Sources */ = {isa = PBXBuildFile; fileRef = E33A733F2455FD2900AAD61A /* Post.swift */; };
		E33A73442456171300AAD61A /* GeneralViewController.swift in Sources */ = {isa = PBXBuildFile; fileRef = E33A73432456171200AAD61A /* GeneralViewController.swift */; };
		E33A7346245641F700AAD61A /* FirebaseManager.swift in Sources */ = {isa = PBXBuildFile; fileRef = E33A7345245641F700AAD61A /* FirebaseManager.swift */; };
		E33A73482456448600AAD61A /* CredentialVC.swift in Sources */ = {isa = PBXBuildFile; fileRef = E33A73472456448600AAD61A /* CredentialVC.swift */; };
		E33A734A2457303E00AAD61A /* CredentialView.swift in Sources */ = {isa = PBXBuildFile; fileRef = E33A73492457303E00AAD61A /* CredentialView.swift */; };
		E33A734C2457326F00AAD61A /* CredentialView.xib in Resources */ = {isa = PBXBuildFile; fileRef = E33A734B2457326E00AAD61A /* CredentialView.xib */; };
		E33A734E24587FC100AAD61A /* LoadingView.swift in Sources */ = {isa = PBXBuildFile; fileRef = E33A734D24587FC100AAD61A /* LoadingView.swift */; };
		E33A73502458803600AAD61A /* LoadingView.xib in Resources */ = {isa = PBXBuildFile; fileRef = E33A734F2458803600AAD61A /* LoadingView.xib */; };
		E33A73532458BD2A00AAD61A /* User.swift in Sources */ = {isa = PBXBuildFile; fileRef = E33A73522458BD2900AAD61A /* User.swift */; };
		E33E470D245A7C0E00B838DB /* FirebaseManager-Auth.swift in Sources */ = {isa = PBXBuildFile; fileRef = E33E470C245A7C0E00B838DB /* FirebaseManager-Auth.swift */; };
		E33E470F245B1F6D00B838DB /* FirebaseManager-Post.swift in Sources */ = {isa = PBXBuildFile; fileRef = E33E470E245B1F6D00B838DB /* FirebaseManager-Post.swift */; };
		E33E4711245C649D00B838DB /* SettingsVC.swift in Sources */ = {isa = PBXBuildFile; fileRef = E33E4710245C649D00B838DB /* SettingsVC.swift */; };
		E33E4713245EA9BB00B838DB /* FirebaseManager-Comment.swift in Sources */ = {isa = PBXBuildFile; fileRef = E33E4712245EA9BA00B838DB /* FirebaseManager-Comment.swift */; };
		E33E47152466AD9700B838DB /* MyTabBarCtrl.swift in Sources */ = {isa = PBXBuildFile; fileRef = E33E47142466AD9700B838DB /* MyTabBarCtrl.swift */; };
		E33E47182466D1B300B838DB /* PakiCollectionViewCell.swift in Sources */ = {isa = PBXBuildFile; fileRef = E33E47162466D1B300B838DB /* PakiCollectionViewCell.swift */; };
		E33E47192466D1B400B838DB /* PakiCollectionViewCell.xib in Resources */ = {isa = PBXBuildFile; fileRef = E33E47172466D1B300B838DB /* PakiCollectionViewCell.xib */; };
		E33E471B24670B1000B838DB /* CalendarView.swift in Sources */ = {isa = PBXBuildFile; fileRef = E33E471A24670B1000B838DB /* CalendarView.swift */; };
		E33E471D24670B2300B838DB /* CalendarView.xib in Resources */ = {isa = PBXBuildFile; fileRef = E33E471C24670B2300B838DB /* CalendarView.xib */; };
		E33E471F2467135E00B838DB /* TestManager.swift in Sources */ = {isa = PBXBuildFile; fileRef = E33E471E2467135E00B838DB /* TestManager.swift */; };
		E33E47212467F98E00B838DB /* GraphsView.swift in Sources */ = {isa = PBXBuildFile; fileRef = E33E47202467F98E00B838DB /* GraphsView.swift */; };
		E33E47232467F9CE00B838DB /* GraphsView.xib in Resources */ = {isa = PBXBuildFile; fileRef = E33E47222467F9CE00B838DB /* GraphsView.xib */; };
		E33E47262469AA3B00B838DB /* CommentCollectionViewCell.swift in Sources */ = {isa = PBXBuildFile; fileRef = E33E47242469AA3A00B838DB /* CommentCollectionViewCell.swift */; };
		E33E47272469AA3B00B838DB /* CommentCollectionViewCell.xib in Resources */ = {isa = PBXBuildFile; fileRef = E33E47252469AA3A00B838DB /* CommentCollectionViewCell.xib */; };
		E38B08CE246F0D2F009D449E /* WorldVC.swift in Sources */ = {isa = PBXBuildFile; fileRef = E38B08CD246F0D2E009D449E /* WorldVC.swift */; };
		E38B08D124705B76009D449E /* UnifiedNativeAdCVC.swift in Sources */ = {isa = PBXBuildFile; fileRef = E38B08CF24705B76009D449E /* UnifiedNativeAdCVC.swift */; };
		E38B08D224705B76009D449E /* UnifiedNativeAdCVC.xib in Resources */ = {isa = PBXBuildFile; fileRef = E38B08D024705B76009D449E /* UnifiedNativeAdCVC.xib */; };
		E38B08D724713B02009D449E /* ReportTableViewCell.swift in Sources */ = {isa = PBXBuildFile; fileRef = E38B08D524713B02009D449E /* ReportTableViewCell.swift */; };
		E38B08D824713B02009D449E /* ReportTableViewCell.xib in Resources */ = {isa = PBXBuildFile; fileRef = E38B08D624713B02009D449E /* ReportTableViewCell.xib */; };
		E38B08DA24713DC4009D449E /* ReportView.swift in Sources */ = {isa = PBXBuildFile; fileRef = E38B08D924713DC4009D449E /* ReportView.swift */; };
		E38B08DC24713DEB009D449E /* ReportView.xib in Resources */ = {isa = PBXBuildFile; fileRef = E38B08DB24713DEB009D449E /* ReportView.xib */; };
		E38B08DE2472E961009D449E /* AppstoreManager.swift in Sources */ = {isa = PBXBuildFile; fileRef = E38B08DD2472E961009D449E /* AppstoreManager.swift */; };
		E38B08E82476FAC2009D449E /* ProfileView.swift in Sources */ = {isa = PBXBuildFile; fileRef = E38B08E72476FAC1009D449E /* ProfileView.swift */; };
		E38B08EA2476FC62009D449E /* ProfileView.xib in Resources */ = {isa = PBXBuildFile; fileRef = E38B08E92476FC62009D449E /* ProfileView.xib */; };
/* End PBXBuildFile section */

/* Begin PBXFileReference section */
		16173FCBCA9AF0B1C41B7F4F /* Pods_PakiApp.framework */ = {isa = PBXFileReference; explicitFileType = wrapper.framework; includeInIndex = 0; path = Pods_PakiApp.framework; sourceTree = BUILT_PRODUCTS_DIR; };
		CFFE840B331C6E12264914B6 /* Pods-PakiApp.release.xcconfig */ = {isa = PBXFileReference; includeInIndex = 1; lastKnownFileType = text.xcconfig; name = "Pods-PakiApp.release.xcconfig"; path = "Target Support Files/Pods-PakiApp/Pods-PakiApp.release.xcconfig"; sourceTree = "<group>"; };
		E2307E0B639014F274A68296 /* Pods-PakiApp.debug.xcconfig */ = {isa = PBXFileReference; includeInIndex = 1; lastKnownFileType = text.xcconfig; name = "Pods-PakiApp.debug.xcconfig"; path = "Target Support Files/Pods-PakiApp/Pods-PakiApp.debug.xcconfig"; sourceTree = "<group>"; };
		E33A72E52454767C00AAD61A /* PakiApp.app */ = {isa = PBXFileReference; explicitFileType = wrapper.application; includeInIndex = 0; path = PakiApp.app; sourceTree = BUILT_PRODUCTS_DIR; };
		E33A72E82454767C00AAD61A /* AppDelegate.swift */ = {isa = PBXFileReference; lastKnownFileType = sourcecode.swift; path = AppDelegate.swift; sourceTree = "<group>"; };
		E33A72EA2454767C00AAD61A /* SceneDelegate.swift */ = {isa = PBXFileReference; lastKnownFileType = sourcecode.swift; path = SceneDelegate.swift; sourceTree = "<group>"; };
		E33A72F12454767F00AAD61A /* Assets.xcassets */ = {isa = PBXFileReference; lastKnownFileType = folder.assetcatalog; path = Assets.xcassets; sourceTree = "<group>"; };
		E33A72F42454767F00AAD61A /* Base */ = {isa = PBXFileReference; lastKnownFileType = file.storyboard; name = Base; path = Base.lproj/LaunchScreen.storyboard; sourceTree = "<group>"; };
		E33A72F62454767F00AAD61A /* Info.plist */ = {isa = PBXFileReference; lastKnownFileType = text.plist.xml; path = Info.plist; sourceTree = "<group>"; };
		E33A72FC245477EC00AAD61A /* GoogleService-Info.plist */ = {isa = PBXFileReference; fileEncoding = 4; lastKnownFileType = text.plist.xml; path = "GoogleService-Info.plist"; sourceTree = "<group>"; };
		E33A72FE2454851300AAD61A /* Main.storyboard */ = {isa = PBXFileReference; fileEncoding = 4; lastKnownFileType = file.storyboard; path = Main.storyboard; sourceTree = "<group>"; };
		E33A73002454855400AAD61A /* PakiView.swift */ = {isa = PBXFileReference; fileEncoding = 4; lastKnownFileType = sourcecode.swift; path = PakiView.swift; sourceTree = "<group>"; };
		E33A73012454855500AAD61A /* CalendarCollectionViewCell.swift */ = {isa = PBXFileReference; fileEncoding = 4; lastKnownFileType = sourcecode.swift; path = CalendarCollectionViewCell.swift; sourceTree = "<group>"; };
		E33A73022454855600AAD61A /* FeedHeaderView.xib */ = {isa = PBXFileReference; fileEncoding = 4; lastKnownFileType = file.xib; path = FeedHeaderView.xib; sourceTree = "<group>"; };
		E33A73032454855700AAD61A /* ProfileVC.swift */ = {isa = PBXFileReference; fileEncoding = 4; lastKnownFileType = sourcecode.swift; path = ProfileVC.swift; sourceTree = "<group>"; };
		E33A73042454855800AAD61A /* FeedHeaderView.swift */ = {isa = PBXFileReference; fileEncoding = 4; lastKnownFileType = sourcecode.swift; path = FeedHeaderView.swift; sourceTree = "<group>"; };
		E33A73062454855A00AAD61A /* FeedVC.swift */ = {isa = PBXFileReference; fileEncoding = 4; lastKnownFileType = sourcecode.swift; path = FeedVC.swift; sourceTree = "<group>"; };
		E33A73072454855B00AAD61A /* CommentsHeaderView.swift */ = {isa = PBXFileReference; fileEncoding = 4; lastKnownFileType = sourcecode.swift; path = CommentsHeaderView.swift; sourceTree = "<group>"; };
		E33A73082454855D00AAD61A /* FeedCollectionViewCell.xib */ = {isa = PBXFileReference; fileEncoding = 4; lastKnownFileType = file.xib; path = FeedCollectionViewCell.xib; sourceTree = "<group>"; };
		E33A73092454855E00AAD61A /* CalendarCollectionViewCell.xib */ = {isa = PBXFileReference; fileEncoding = 4; lastKnownFileType = file.xib; path = CalendarCollectionViewCell.xib; sourceTree = "<group>"; };
		E33A730A2454855F00AAD61A /* CommentsHeaderView.xib */ = {isa = PBXFileReference; fileEncoding = 4; lastKnownFileType = file.xib; path = CommentsHeaderView.xib; sourceTree = "<group>"; };
		E33A730B2454856000AAD61A /* ViewX.swift */ = {isa = PBXFileReference; fileEncoding = 4; lastKnownFileType = sourcecode.swift; path = ViewX.swift; sourceTree = "<group>"; };
		E33A730C2454856100AAD61A /* ReplyVC.swift */ = {isa = PBXFileReference; fileEncoding = 4; lastKnownFileType = sourcecode.swift; path = ReplyVC.swift; sourceTree = "<group>"; };
		E33A730D2454856200AAD61A /* PakiView.xib */ = {isa = PBXFileReference; fileEncoding = 4; lastKnownFileType = file.xib; path = PakiView.xib; sourceTree = "<group>"; };
		E33A730E2454856300AAD61A /* FeedCollectionViewCell.swift */ = {isa = PBXFileReference; fileEncoding = 4; lastKnownFileType = sourcecode.swift; path = FeedCollectionViewCell.swift; sourceTree = "<group>"; };
		E33A730F2454856400AAD61A /* StatsTableViewCell.xib */ = {isa = PBXFileReference; fileEncoding = 4; lastKnownFileType = file.xib; path = StatsTableViewCell.xib; sourceTree = "<group>"; };
		E33A73102454856500AAD61A /* ExtensionsManager.swift */ = {isa = PBXFileReference; fileEncoding = 4; lastKnownFileType = sourcecode.swift; path = ExtensionsManager.swift; sourceTree = "<group>"; };
		E33A73112454856600AAD61A /* ImageViewX.swift */ = {isa = PBXFileReference; fileEncoding = 4; lastKnownFileType = sourcecode.swift; path = ImageViewX.swift; sourceTree = "<group>"; };
		E33A73152454856A00AAD61A /* CommentsVC.swift */ = {isa = PBXFileReference; fileEncoding = 4; lastKnownFileType = sourcecode.swift; path = CommentsVC.swift; sourceTree = "<group>"; };
		E33A73172454856C00AAD61A /* ButtonX.swift */ = {isa = PBXFileReference; fileEncoding = 4; lastKnownFileType = sourcecode.swift; path = ButtonX.swift; sourceTree = "<group>"; };
		E33A73182454856D00AAD61A /* StatsTableViewCell.swift */ = {isa = PBXFileReference; fileEncoding = 4; lastKnownFileType = sourcecode.swift; path = StatsTableViewCell.swift; sourceTree = "<group>"; };
		E33A73192454856E00AAD61A /* CalendarVC.swift */ = {isa = PBXFileReference; fileEncoding = 4; lastKnownFileType = sourcecode.swift; path = CalendarVC.swift; sourceTree = "<group>"; };
		E33A733424548B9A00AAD61A /* AnswerView.swift */ = {isa = PBXFileReference; lastKnownFileType = sourcecode.swift; path = AnswerView.swift; sourceTree = "<group>"; };
		E33A733624548BEA00AAD61A /* AnswerView.xib */ = {isa = PBXFileReference; lastKnownFileType = file.xib; path = AnswerView.xib; sourceTree = "<group>"; };
		E33A733D2455FBF600AAD61A /* DatabaseManager.swift */ = {isa = PBXFileReference; lastKnownFileType = sourcecode.swift; path = DatabaseManager.swift; sourceTree = "<group>"; };
		E33A733F2455FD2900AAD61A /* Post.swift */ = {isa = PBXFileReference; lastKnownFileType = sourcecode.swift; path = Post.swift; sourceTree = "<group>"; };
		E33A73432456171200AAD61A /* GeneralViewController.swift */ = {isa = PBXFileReference; lastKnownFileType = sourcecode.swift; path = GeneralViewController.swift; sourceTree = "<group>"; };
		E33A7345245641F700AAD61A /* FirebaseManager.swift */ = {isa = PBXFileReference; lastKnownFileType = sourcecode.swift; path = FirebaseManager.swift; sourceTree = "<group>"; };
		E33A73472456448600AAD61A /* CredentialVC.swift */ = {isa = PBXFileReference; lastKnownFileType = sourcecode.swift; path = CredentialVC.swift; sourceTree = "<group>"; };
		E33A73492457303E00AAD61A /* CredentialView.swift */ = {isa = PBXFileReference; lastKnownFileType = sourcecode.swift; path = CredentialView.swift; sourceTree = "<group>"; };
		E33A734B2457326E00AAD61A /* CredentialView.xib */ = {isa = PBXFileReference; lastKnownFileType = file.xib; path = CredentialView.xib; sourceTree = "<group>"; };
		E33A734D24587FC100AAD61A /* LoadingView.swift */ = {isa = PBXFileReference; lastKnownFileType = sourcecode.swift; path = LoadingView.swift; sourceTree = "<group>"; };
		E33A734F2458803600AAD61A /* LoadingView.xib */ = {isa = PBXFileReference; lastKnownFileType = file.xib; path = LoadingView.xib; sourceTree = "<group>"; };
		E33A73512458998400AAD61A /* PakiApp.entitlements */ = {isa = PBXFileReference; lastKnownFileType = text.plist.entitlements; path = PakiApp.entitlements; sourceTree = "<group>"; };
		E33A73522458BD2900AAD61A /* User.swift */ = {isa = PBXFileReference; lastKnownFileType = sourcecode.swift; path = User.swift; sourceTree = "<group>"; };
		E33E470C245A7C0E00B838DB /* FirebaseManager-Auth.swift */ = {isa = PBXFileReference; lastKnownFileType = sourcecode.swift; path = "FirebaseManager-Auth.swift"; sourceTree = "<group>"; };
		E33E470E245B1F6D00B838DB /* FirebaseManager-Post.swift */ = {isa = PBXFileReference; lastKnownFileType = sourcecode.swift; path = "FirebaseManager-Post.swift"; sourceTree = "<group>"; };
		E33E4710245C649D00B838DB /* SettingsVC.swift */ = {isa = PBXFileReference; lastKnownFileType = sourcecode.swift; path = SettingsVC.swift; sourceTree = "<group>"; };
		E33E4712245EA9BA00B838DB /* FirebaseManager-Comment.swift */ = {isa = PBXFileReference; lastKnownFileType = sourcecode.swift; path = "FirebaseManager-Comment.swift"; sourceTree = "<group>"; };
		E33E47142466AD9700B838DB /* MyTabBarCtrl.swift */ = {isa = PBXFileReference; lastKnownFileType = sourcecode.swift; path = MyTabBarCtrl.swift; sourceTree = "<group>"; };
		E33E47162466D1B300B838DB /* PakiCollectionViewCell.swift */ = {isa = PBXFileReference; lastKnownFileType = sourcecode.swift; path = PakiCollectionViewCell.swift; sourceTree = "<group>"; };
		E33E47172466D1B300B838DB /* PakiCollectionViewCell.xib */ = {isa = PBXFileReference; lastKnownFileType = file.xib; path = PakiCollectionViewCell.xib; sourceTree = "<group>"; };
		E33E471A24670B1000B838DB /* CalendarView.swift */ = {isa = PBXFileReference; lastKnownFileType = sourcecode.swift; path = CalendarView.swift; sourceTree = "<group>"; };
		E33E471C24670B2300B838DB /* CalendarView.xib */ = {isa = PBXFileReference; lastKnownFileType = file.xib; path = CalendarView.xib; sourceTree = "<group>"; };
		E33E471E2467135E00B838DB /* TestManager.swift */ = {isa = PBXFileReference; lastKnownFileType = sourcecode.swift; path = TestManager.swift; sourceTree = "<group>"; };
		E33E47202467F98E00B838DB /* GraphsView.swift */ = {isa = PBXFileReference; lastKnownFileType = sourcecode.swift; path = GraphsView.swift; sourceTree = "<group>"; };
		E33E47222467F9CE00B838DB /* GraphsView.xib */ = {isa = PBXFileReference; lastKnownFileType = file.xib; path = GraphsView.xib; sourceTree = "<group>"; };
		E33E47242469AA3A00B838DB /* CommentCollectionViewCell.swift */ = {isa = PBXFileReference; lastKnownFileType = sourcecode.swift; path = CommentCollectionViewCell.swift; sourceTree = "<group>"; };
		E33E47252469AA3A00B838DB /* CommentCollectionViewCell.xib */ = {isa = PBXFileReference; lastKnownFileType = file.xib; path = CommentCollectionViewCell.xib; sourceTree = "<group>"; };
		E38B08CD246F0D2E009D449E /* WorldVC.swift */ = {isa = PBXFileReference; lastKnownFileType = sourcecode.swift; path = WorldVC.swift; sourceTree = "<group>"; };
		E38B08CF24705B76009D449E /* UnifiedNativeAdCVC.swift */ = {isa = PBXFileReference; lastKnownFileType = sourcecode.swift; path = UnifiedNativeAdCVC.swift; sourceTree = "<group>"; };
		E38B08D024705B76009D449E /* UnifiedNativeAdCVC.xib */ = {isa = PBXFileReference; lastKnownFileType = file.xib; path = UnifiedNativeAdCVC.xib; sourceTree = "<group>"; };
		E38B08D524713B02009D449E /* ReportTableViewCell.swift */ = {isa = PBXFileReference; lastKnownFileType = sourcecode.swift; path = ReportTableViewCell.swift; sourceTree = "<group>"; };
		E38B08D624713B02009D449E /* ReportTableViewCell.xib */ = {isa = PBXFileReference; lastKnownFileType = file.xib; path = ReportTableViewCell.xib; sourceTree = "<group>"; };
		E38B08D924713DC4009D449E /* ReportView.swift */ = {isa = PBXFileReference; lastKnownFileType = sourcecode.swift; path = ReportView.swift; sourceTree = "<group>"; };
		E38B08DB24713DEB009D449E /* ReportView.xib */ = {isa = PBXFileReference; lastKnownFileType = file.xib; path = ReportView.xib; sourceTree = "<group>"; };
		E38B08DD2472E961009D449E /* AppstoreManager.swift */ = {isa = PBXFileReference; lastKnownFileType = sourcecode.swift; path = AppstoreManager.swift; sourceTree = "<group>"; };
		E38B08E72476FAC1009D449E /* ProfileView.swift */ = {isa = PBXFileReference; lastKnownFileType = sourcecode.swift; path = ProfileView.swift; sourceTree = "<group>"; };
		E38B08E92476FC62009D449E /* ProfileView.xib */ = {isa = PBXFileReference; lastKnownFileType = file.xib; path = ProfileView.xib; sourceTree = "<group>"; };
/* End PBXFileReference section */

/* Begin PBXFrameworksBuildPhase section */
		E33A72E22454767C00AAD61A /* Frameworks */ = {
			isa = PBXFrameworksBuildPhase;
			buildActionMask = 2147483647;
			files = (
				48C3480AC9285D35D439DAD8 /* Pods_PakiApp.framework in Frameworks */,
			);
			runOnlyForDeploymentPostprocessing = 0;
		};
/* End PBXFrameworksBuildPhase section */

/* Begin PBXGroup section */
		3D20C65EBD204E7238EC38ED /* Pods */ = {
			isa = PBXGroup;
			children = (
				E2307E0B639014F274A68296 /* Pods-PakiApp.debug.xcconfig */,
				CFFE840B331C6E12264914B6 /* Pods-PakiApp.release.xcconfig */,
			);
			path = Pods;
			sourceTree = "<group>";
		};
		D4D1A9EA1CC929634A182FC4 /* Frameworks */ = {
			isa = PBXGroup;
			children = (
				16173FCBCA9AF0B1C41B7F4F /* Pods_PakiApp.framework */,
			);
			name = Frameworks;
			sourceTree = "<group>";
		};
		E33A72DC2454767C00AAD61A = {
			isa = PBXGroup;
			children = (
				E33A72E72454767C00AAD61A /* PakiApp */,
				E33A72E62454767C00AAD61A /* Products */,
				3D20C65EBD204E7238EC38ED /* Pods */,
				D4D1A9EA1CC929634A182FC4 /* Frameworks */,
			);
			sourceTree = "<group>";
		};
		E33A72E62454767C00AAD61A /* Products */ = {
			isa = PBXGroup;
			children = (
				E33A72E52454767C00AAD61A /* PakiApp.app */,
			);
			name = Products;
			sourceTree = "<group>";
		};
		E33A72E72454767C00AAD61A /* PakiApp */ = {
			isa = PBXGroup;
			children = (
				E33A73512458998400AAD61A /* PakiApp.entitlements */,
				E33A72FC245477EC00AAD61A /* GoogleService-Info.plist */,
				E33A72F62454767F00AAD61A /* Info.plist */,
				E33A72E82454767C00AAD61A /* AppDelegate.swift */,
				E33A72EA2454767C00AAD61A /* SceneDelegate.swift */,
				E33A73382455F25D00AAD61A /* Storyboards */,
				E33A72F12454767F00AAD61A /* Assets.xcassets */,
				E33A73392455F27F00AAD61A /* IBDesignables */,
				E33A733A2455F94200AAD61A /* Cells */,
				E33A733B2455F99E00AAD61A /* ViewControllers */,
				E33A73412456052800AAD61A /* Managers */,
				E33A733C2455FA3B00AAD61A /* UIViews */,
				E33A73422456053100AAD61A /* Models */,
			);
			path = PakiApp;
			sourceTree = "<group>";
		};
		E33A73382455F25D00AAD61A /* Storyboards */ = {
			isa = PBXGroup;
			children = (
				E33A72FE2454851300AAD61A /* Main.storyboard */,
				E33A72F32454767F00AAD61A /* LaunchScreen.storyboard */,
			);
			path = Storyboards;
			sourceTree = "<group>";
		};
		E33A73392455F27F00AAD61A /* IBDesignables */ = {
			isa = PBXGroup;
			children = (
				E33A73172454856C00AAD61A /* ButtonX.swift */,
				E33A73112454856600AAD61A /* ImageViewX.swift */,
				E33A730B2454856000AAD61A /* ViewX.swift */,
			);
			path = IBDesignables;
			sourceTree = "<group>";
		};
		E33A733A2455F94200AAD61A /* Cells */ = {
			isa = PBXGroup;
			children = (
				E33A73012454855500AAD61A /* CalendarCollectionViewCell.swift */,
				E33A73092454855E00AAD61A /* CalendarCollectionViewCell.xib */,
				E33A73072454855B00AAD61A /* CommentsHeaderView.swift */,
				E33A730A2454855F00AAD61A /* CommentsHeaderView.xib */,
				E33A730E2454856300AAD61A /* FeedCollectionViewCell.swift */,
				E33A73082454855D00AAD61A /* FeedCollectionViewCell.xib */,
				E33A73042454855800AAD61A /* FeedHeaderView.swift */,
				E33A73022454855600AAD61A /* FeedHeaderView.xib */,
				E33A73182454856D00AAD61A /* StatsTableViewCell.swift */,
				E33A730F2454856400AAD61A /* StatsTableViewCell.xib */,
				E33E47162466D1B300B838DB /* PakiCollectionViewCell.swift */,
				E33E47172466D1B300B838DB /* PakiCollectionViewCell.xib */,
				E33E47242469AA3A00B838DB /* CommentCollectionViewCell.swift */,
				E33E47252469AA3A00B838DB /* CommentCollectionViewCell.xib */,
				E38B08CF24705B76009D449E /* UnifiedNativeAdCVC.swift */,
				E38B08D024705B76009D449E /* UnifiedNativeAdCVC.xib */,
				E38B08D524713B02009D449E /* ReportTableViewCell.swift */,
				E38B08D624713B02009D449E /* ReportTableViewCell.xib */,
			);
			path = Cells;
			sourceTree = "<group>";
		};
		E33A733B2455F99E00AAD61A /* ViewControllers */ = {
			isa = PBXGroup;
			children = (
				E33A73192454856E00AAD61A /* CalendarVC.swift */,
				E33A73152454856A00AAD61A /* CommentsVC.swift */,
				E33A73062454855A00AAD61A /* FeedVC.swift */,
				E33A73032454855700AAD61A /* ProfileVC.swift */,
				E33A730C2454856100AAD61A /* ReplyVC.swift */,
				E33A73472456448600AAD61A /* CredentialVC.swift */,
				E33A73432456171200AAD61A /* GeneralViewController.swift */,
				E33E4710245C649D00B838DB /* SettingsVC.swift */,
				E33E47142466AD9700B838DB /* MyTabBarCtrl.swift */,
				E38B08CD246F0D2E009D449E /* WorldVC.swift */,
			);
			path = ViewControllers;
			sourceTree = "<group>";
		};
		E33A733C2455FA3B00AAD61A /* UIViews */ = {
			isa = PBXGroup;
			children = (
				E33A73002454855400AAD61A /* PakiView.swift */,
				E33A730D2454856200AAD61A /* PakiView.xib */,
				E33A733424548B9A00AAD61A /* AnswerView.swift */,
				E33A733624548BEA00AAD61A /* AnswerView.xib */,
				E33A73492457303E00AAD61A /* CredentialView.swift */,
				E33A734B2457326E00AAD61A /* CredentialView.xib */,
				E33A734D24587FC100AAD61A /* LoadingView.swift */,
				E33A734F2458803600AAD61A /* LoadingView.xib */,
				E33E471A24670B1000B838DB /* CalendarView.swift */,
				E33E471C24670B2300B838DB /* CalendarView.xib */,
				E33E47202467F98E00B838DB /* GraphsView.swift */,
				E33E47222467F9CE00B838DB /* GraphsView.xib */,
				E38B08D924713DC4009D449E /* ReportView.swift */,
				E38B08DB24713DEB009D449E /* ReportView.xib */,
				E38B08E72476FAC1009D449E /* ProfileView.swift */,
				E38B08E92476FC62009D449E /* ProfileView.xib */,
			);
			path = UIViews;
			sourceTree = "<group>";
		};
		E33A73412456052800AAD61A /* Managers */ = {
			isa = PBXGroup;
			children = (
				E33A73102454856500AAD61A /* ExtensionsManager.swift */,
				E33A733D2455FBF600AAD61A /* DatabaseManager.swift */,
				E33A7345245641F700AAD61A /* FirebaseManager.swift */,
				E33E470C245A7C0E00B838DB /* FirebaseManager-Auth.swift */,
				E33E470E245B1F6D00B838DB /* FirebaseManager-Post.swift */,
				E33E4712245EA9BA00B838DB /* FirebaseManager-Comment.swift */,
				E33E471E2467135E00B838DB /* TestManager.swift */,
				E38B08DD2472E961009D449E /* AppstoreManager.swift */,
			);
			path = Managers;
			sourceTree = "<group>";
		};
		E33A73422456053100AAD61A /* Models */ = {
			isa = PBXGroup;
			children = (
				E33A733F2455FD2900AAD61A /* Post.swift */,
				E33A73522458BD2900AAD61A /* User.swift */,
			);
			path = Models;
			sourceTree = "<group>";
		};
/* End PBXGroup section */

/* Begin PBXNativeTarget section */
		E33A72E42454767C00AAD61A /* PakiApp */ = {
			isa = PBXNativeTarget;
			buildConfigurationList = E33A72F92454767F00AAD61A /* Build configuration list for PBXNativeTarget "PakiApp" */;
			buildPhases = (
				2F1956C1D92EA9488D52A76A /* [CP] Check Pods Manifest.lock */,
				E33A72E12454767C00AAD61A /* Sources */,
				E33A72E22454767C00AAD61A /* Frameworks */,
				E33A72E32454767C00AAD61A /* Resources */,
				B99C4EB5D7E561FA1FF05CCA /* [CP] Embed Pods Frameworks */,
			);
			buildRules = (
			);
			dependencies = (
			);
			name = PakiApp;
			productName = PakiApp;
			productReference = E33A72E52454767C00AAD61A /* PakiApp.app */;
			productType = "com.apple.product-type.application";
		};
/* End PBXNativeTarget section */

/* Begin PBXProject section */
		E33A72DD2454767C00AAD61A /* Project object */ = {
			isa = PBXProject;
			attributes = {
				LastSwiftUpdateCheck = 1140;
				LastUpgradeCheck = 1140;
				ORGANIZATIONNAME = Krats;
				TargetAttributes = {
					E33A72E42454767C00AAD61A = {
						CreatedOnToolsVersion = 11.4.1;
					};
				};
			};
			buildConfigurationList = E33A72E02454767C00AAD61A /* Build configuration list for PBXProject "PakiApp" */;
			compatibilityVersion = "Xcode 9.3";
			developmentRegion = en;
			hasScannedForEncodings = 0;
			knownRegions = (
				en,
				Base,
			);
			mainGroup = E33A72DC2454767C00AAD61A;
			productRefGroup = E33A72E62454767C00AAD61A /* Products */;
			projectDirPath = "";
			projectRoot = "";
			targets = (
				E33A72E42454767C00AAD61A /* PakiApp */,
			);
		};
/* End PBXProject section */

/* Begin PBXResourcesBuildPhase section */
		E33A72E32454767C00AAD61A /* Resources */ = {
			isa = PBXResourcesBuildPhase;
			buildActionMask = 2147483647;
			files = (
				E33A72F52454767F00AAD61A /* LaunchScreen.storyboard in Resources */,
				E33A73242454856E00AAD61A /* CommentsHeaderView.xib in Resources */,
				E38B08EA2476FC62009D449E /* ProfileView.xib in Resources */,
				E33A733724548BEA00AAD61A /* AnswerView.xib in Resources */,
				E33A731C2454856E00AAD61A /* FeedHeaderView.xib in Resources */,
				E33A72FD245477EC00AAD61A /* GoogleService-Info.plist in Resources */,
				E38B08D824713B02009D449E /* ReportTableViewCell.xib in Resources */,
				E38B08DC24713DEB009D449E /* ReportView.xib in Resources */,
				E33A72F22454767F00AAD61A /* Assets.xcassets in Resources */,
				E33E47272469AA3B00B838DB /* CommentCollectionViewCell.xib in Resources */,
				E33A73232454856E00AAD61A /* CalendarCollectionViewCell.xib in Resources */,
				E33A734C2457326F00AAD61A /* CredentialView.xib in Resources */,
				E38B08D224705B76009D449E /* UnifiedNativeAdCVC.xib in Resources */,
				E33A73272454856E00AAD61A /* PakiView.xib in Resources */,
				E33A73222454856E00AAD61A /* FeedCollectionViewCell.xib in Resources */,
				E33A73502458803600AAD61A /* LoadingView.xib in Resources */,
				E33A72FF2454851300AAD61A /* Main.storyboard in Resources */,
				E33E471D24670B2300B838DB /* CalendarView.xib in Resources */,
				E33A73292454856E00AAD61A /* StatsTableViewCell.xib in Resources */,
				E33E47192466D1B400B838DB /* PakiCollectionViewCell.xib in Resources */,
				E33E47232467F9CE00B838DB /* GraphsView.xib in Resources */,
			);
			runOnlyForDeploymentPostprocessing = 0;
		};
/* End PBXResourcesBuildPhase section */

/* Begin PBXShellScriptBuildPhase section */
		2F1956C1D92EA9488D52A76A /* [CP] Check Pods Manifest.lock */ = {
			isa = PBXShellScriptBuildPhase;
			buildActionMask = 2147483647;
			files = (
			);
			inputFileListPaths = (
			);
			inputPaths = (
				"${PODS_PODFILE_DIR_PATH}/Podfile.lock",
				"${PODS_ROOT}/Manifest.lock",
			);
			name = "[CP] Check Pods Manifest.lock";
			outputFileListPaths = (
			);
			outputPaths = (
				"$(DERIVED_FILE_DIR)/Pods-PakiApp-checkManifestLockResult.txt",
			);
			runOnlyForDeploymentPostprocessing = 0;
			shellPath = /bin/sh;
			shellScript = "diff \"${PODS_PODFILE_DIR_PATH}/Podfile.lock\" \"${PODS_ROOT}/Manifest.lock\" > /dev/null\nif [ $? != 0 ] ; then\n    # print error to STDERR\n    echo \"error: The sandbox is not in sync with the Podfile.lock. Run 'pod install' or update your CocoaPods installation.\" >&2\n    exit 1\nfi\n# This output is used by Xcode 'outputs' to avoid re-running this script phase.\necho \"SUCCESS\" > \"${SCRIPT_OUTPUT_FILE_0}\"\n";
			showEnvVarsInLog = 0;
		};
		B99C4EB5D7E561FA1FF05CCA /* [CP] Embed Pods Frameworks */ = {
			isa = PBXShellScriptBuildPhase;
			buildActionMask = 2147483647;
			files = (
			);
			inputFileListPaths = (
				"${PODS_ROOT}/Target Support Files/Pods-PakiApp/Pods-PakiApp-frameworks-${CONFIGURATION}-input-files.xcfilelist",
			);
			name = "[CP] Embed Pods Frameworks";
			outputFileListPaths = (
				"${PODS_ROOT}/Target Support Files/Pods-PakiApp/Pods-PakiApp-frameworks-${CONFIGURATION}-output-files.xcfilelist",
			);
			runOnlyForDeploymentPostprocessing = 0;
			shellPath = /bin/sh;
			shellScript = "\"${PODS_ROOT}/Target Support Files/Pods-PakiApp/Pods-PakiApp-frameworks.sh\"\n";
			showEnvVarsInLog = 0;
		};
/* End PBXShellScriptBuildPhase section */

/* Begin PBXSourcesBuildPhase section */
		E33A72E12454767C00AAD61A /* Sources */ = {
			isa = PBXSourcesBuildPhase;
			buildActionMask = 2147483647;
			files = (
				E33A73532458BD2A00AAD61A /* User.swift in Sources */,
				E33A732A2454856E00AAD61A /* ExtensionsManager.swift in Sources */,
				E33A731D2454856E00AAD61A /* ProfileVC.swift in Sources */,
				E33E47182466D1B300B838DB /* PakiCollectionViewCell.swift in Sources */,
				E33A731E2454856E00AAD61A /* FeedHeaderView.swift in Sources */,
				E38B08CE246F0D2F009D449E /* WorldVC.swift in Sources */,
				E33A732B2454856E00AAD61A /* ImageViewX.swift in Sources */,
				E33A73282454856E00AAD61A /* FeedCollectionViewCell.swift in Sources */,
				E33A73212454856E00AAD61A /* CommentsHeaderView.swift in Sources */,
				E33A73322454856E00AAD61A /* StatsTableViewCell.swift in Sources */,
				E33A731B2454856E00AAD61A /* CalendarCollectionViewCell.swift in Sources */,
				E33A731A2454856E00AAD61A /* PakiView.swift in Sources */,
				E33A73482456448600AAD61A /* CredentialVC.swift in Sources */,
				E33A733524548B9A00AAD61A /* AnswerView.swift in Sources */,
				E33A73202454856E00AAD61A /* FeedVC.swift in Sources */,
				E38B08D124705B76009D449E /* UnifiedNativeAdCVC.swift in Sources */,
				E33A732F2454856E00AAD61A /* CommentsVC.swift in Sources */,
				E33E4713245EA9BB00B838DB /* FirebaseManager-Comment.swift in Sources */,
				E38B08DA24713DC4009D449E /* ReportView.swift in Sources */,
				E33E47262469AA3B00B838DB /* CommentCollectionViewCell.swift in Sources */,
				E33A73402455FD2900AAD61A /* Post.swift in Sources */,
				E33E471B24670B1000B838DB /* CalendarView.swift in Sources */,
				E33E470D245A7C0E00B838DB /* FirebaseManager-Auth.swift in Sources */,
				E33A733E2455FBF600AAD61A /* DatabaseManager.swift in Sources */,
				E33A73312454856E00AAD61A /* ButtonX.swift in Sources */,
				E33A72E92454767C00AAD61A /* AppDelegate.swift in Sources */,
				E38B08DE2472E961009D449E /* AppstoreManager.swift in Sources */,
				E33A73252454856E00AAD61A /* ViewX.swift in Sources */,
				E33A734E24587FC100AAD61A /* LoadingView.swift in Sources */,
				E33A72EB2454767C00AAD61A /* SceneDelegate.swift in Sources */,
				E33A73262454856E00AAD61A /* ReplyVC.swift in Sources */,
				E33E47152466AD9700B838DB /* MyTabBarCtrl.swift in Sources */,
				E38B08D724713B02009D449E /* ReportTableViewCell.swift in Sources */,
				E33E47212467F98E00B838DB /* GraphsView.swift in Sources */,
				E33A7346245641F700AAD61A /* FirebaseManager.swift in Sources */,
				E33E470F245B1F6D00B838DB /* FirebaseManager-Post.swift in Sources */,
				E33E471F2467135E00B838DB /* TestManager.swift in Sources */,
				E33A73442456171300AAD61A /* GeneralViewController.swift in Sources */,
				E33E4711245C649D00B838DB /* SettingsVC.swift in Sources */,
				E33A734A2457303E00AAD61A /* CredentialView.swift in Sources */,
				E38B08E82476FAC2009D449E /* ProfileView.swift in Sources */,
				E33A73332454856E00AAD61A /* CalendarVC.swift in Sources */,
			);
			runOnlyForDeploymentPostprocessing = 0;
		};
/* End PBXSourcesBuildPhase section */

/* Begin PBXVariantGroup section */
		E33A72F32454767F00AAD61A /* LaunchScreen.storyboard */ = {
			isa = PBXVariantGroup;
			children = (
				E33A72F42454767F00AAD61A /* Base */,
			);
			name = LaunchScreen.storyboard;
			sourceTree = "<group>";
		};
/* End PBXVariantGroup section */

/* Begin XCBuildConfiguration section */
		E33A72F72454767F00AAD61A /* Debug */ = {
			isa = XCBuildConfiguration;
			buildSettings = {
				ALWAYS_SEARCH_USER_PATHS = NO;
				CLANG_ANALYZER_NONNULL = YES;
				CLANG_ANALYZER_NUMBER_OBJECT_CONVERSION = YES_AGGRESSIVE;
				CLANG_CXX_LANGUAGE_STANDARD = "gnu++14";
				CLANG_CXX_LIBRARY = "libc++";
				CLANG_ENABLE_MODULES = YES;
				CLANG_ENABLE_OBJC_ARC = YES;
				CLANG_ENABLE_OBJC_WEAK = YES;
				CLANG_WARN_BLOCK_CAPTURE_AUTORELEASING = YES;
				CLANG_WARN_BOOL_CONVERSION = YES;
				CLANG_WARN_COMMA = YES;
				CLANG_WARN_CONSTANT_CONVERSION = YES;
				CLANG_WARN_DEPRECATED_OBJC_IMPLEMENTATIONS = YES;
				CLANG_WARN_DIRECT_OBJC_ISA_USAGE = YES_ERROR;
				CLANG_WARN_DOCUMENTATION_COMMENTS = YES;
				CLANG_WARN_EMPTY_BODY = YES;
				CLANG_WARN_ENUM_CONVERSION = YES;
				CLANG_WARN_INFINITE_RECURSION = YES;
				CLANG_WARN_INT_CONVERSION = YES;
				CLANG_WARN_NON_LITERAL_NULL_CONVERSION = YES;
				CLANG_WARN_OBJC_IMPLICIT_RETAIN_SELF = YES;
				CLANG_WARN_OBJC_LITERAL_CONVERSION = YES;
				CLANG_WARN_OBJC_ROOT_CLASS = YES_ERROR;
				CLANG_WARN_RANGE_LOOP_ANALYSIS = YES;
				CLANG_WARN_STRICT_PROTOTYPES = YES;
				CLANG_WARN_SUSPICIOUS_MOVE = YES;
				CLANG_WARN_UNGUARDED_AVAILABILITY = YES_AGGRESSIVE;
				CLANG_WARN_UNREACHABLE_CODE = YES;
				CLANG_WARN__DUPLICATE_METHOD_MATCH = YES;
				COPY_PHASE_STRIP = NO;
				DEBUG_INFORMATION_FORMAT = dwarf;
				ENABLE_STRICT_OBJC_MSGSEND = YES;
				ENABLE_TESTABILITY = YES;
				GCC_C_LANGUAGE_STANDARD = gnu11;
				GCC_DYNAMIC_NO_PIC = NO;
				GCC_NO_COMMON_BLOCKS = YES;
				GCC_OPTIMIZATION_LEVEL = 0;
				GCC_PREPROCESSOR_DEFINITIONS = (
					"DEBUG=1",
					"$(inherited)",
				);
				GCC_WARN_64_TO_32_BIT_CONVERSION = YES;
				GCC_WARN_ABOUT_RETURN_TYPE = YES_ERROR;
				GCC_WARN_UNDECLARED_SELECTOR = YES;
				GCC_WARN_UNINITIALIZED_AUTOS = YES_AGGRESSIVE;
				GCC_WARN_UNUSED_FUNCTION = YES;
				GCC_WARN_UNUSED_VARIABLE = YES;
				IPHONEOS_DEPLOYMENT_TARGET = 13.0;
				MTL_ENABLE_DEBUG_INFO = INCLUDE_SOURCE;
				MTL_FAST_MATH = YES;
				ONLY_ACTIVE_ARCH = YES;
				SDKROOT = iphoneos;
				SWIFT_ACTIVE_COMPILATION_CONDITIONS = DEBUG;
				SWIFT_OPTIMIZATION_LEVEL = "-Onone";
			};
			name = Debug;
		};
		E33A72F82454767F00AAD61A /* Release */ = {
			isa = XCBuildConfiguration;
			buildSettings = {
				ALWAYS_SEARCH_USER_PATHS = NO;
				CLANG_ANALYZER_NONNULL = YES;
				CLANG_ANALYZER_NUMBER_OBJECT_CONVERSION = YES_AGGRESSIVE;
				CLANG_CXX_LANGUAGE_STANDARD = "gnu++14";
				CLANG_CXX_LIBRARY = "libc++";
				CLANG_ENABLE_MODULES = YES;
				CLANG_ENABLE_OBJC_ARC = YES;
				CLANG_ENABLE_OBJC_WEAK = YES;
				CLANG_WARN_BLOCK_CAPTURE_AUTORELEASING = YES;
				CLANG_WARN_BOOL_CONVERSION = YES;
				CLANG_WARN_COMMA = YES;
				CLANG_WARN_CONSTANT_CONVERSION = YES;
				CLANG_WARN_DEPRECATED_OBJC_IMPLEMENTATIONS = YES;
				CLANG_WARN_DIRECT_OBJC_ISA_USAGE = YES_ERROR;
				CLANG_WARN_DOCUMENTATION_COMMENTS = YES;
				CLANG_WARN_EMPTY_BODY = YES;
				CLANG_WARN_ENUM_CONVERSION = YES;
				CLANG_WARN_INFINITE_RECURSION = YES;
				CLANG_WARN_INT_CONVERSION = YES;
				CLANG_WARN_NON_LITERAL_NULL_CONVERSION = YES;
				CLANG_WARN_OBJC_IMPLICIT_RETAIN_SELF = YES;
				CLANG_WARN_OBJC_LITERAL_CONVERSION = YES;
				CLANG_WARN_OBJC_ROOT_CLASS = YES_ERROR;
				CLANG_WARN_RANGE_LOOP_ANALYSIS = YES;
				CLANG_WARN_STRICT_PROTOTYPES = YES;
				CLANG_WARN_SUSPICIOUS_MOVE = YES;
				CLANG_WARN_UNGUARDED_AVAILABILITY = YES_AGGRESSIVE;
				CLANG_WARN_UNREACHABLE_CODE = YES;
				CLANG_WARN__DUPLICATE_METHOD_MATCH = YES;
				COPY_PHASE_STRIP = NO;
				DEBUG_INFORMATION_FORMAT = "dwarf-with-dsym";
				ENABLE_NS_ASSERTIONS = NO;
				ENABLE_STRICT_OBJC_MSGSEND = YES;
				GCC_C_LANGUAGE_STANDARD = gnu11;
				GCC_NO_COMMON_BLOCKS = YES;
				GCC_WARN_64_TO_32_BIT_CONVERSION = YES;
				GCC_WARN_ABOUT_RETURN_TYPE = YES_ERROR;
				GCC_WARN_UNDECLARED_SELECTOR = YES;
				GCC_WARN_UNINITIALIZED_AUTOS = YES_AGGRESSIVE;
				GCC_WARN_UNUSED_FUNCTION = YES;
				GCC_WARN_UNUSED_VARIABLE = YES;
				IPHONEOS_DEPLOYMENT_TARGET = 13.0;
				MTL_ENABLE_DEBUG_INFO = NO;
				MTL_FAST_MATH = YES;
				SDKROOT = iphoneos;
				SWIFT_COMPILATION_MODE = wholemodule;
				SWIFT_OPTIMIZATION_LEVEL = "-O";
				VALIDATE_PRODUCT = YES;
			};
			name = Release;
		};
		E33A72FA2454767F00AAD61A /* Debug */ = {
			isa = XCBuildConfiguration;
			baseConfigurationReference = E2307E0B639014F274A68296 /* Pods-PakiApp.debug.xcconfig */;
			buildSettings = {
				ASSETCATALOG_COMPILER_APPICON_NAME = AppIcon;
				CODE_SIGN_ENTITLEMENTS = PakiApp/PakiApp.entitlements;
				CODE_SIGN_IDENTITY = "Apple Development";
				CODE_SIGN_STYLE = Automatic;
				CURRENT_PROJECT_VERSION = 2;
				DEVELOPMENT_TEAM = XUN95V9WDZ;
				INFOPLIST_FILE = PakiApp/Info.plist;
				LD_RUNPATH_SEARCH_PATHS = (
					"$(inherited)",
					"@executable_path/Frameworks",
				);
				PRODUCT_BUNDLE_IDENTIFIER = com.Kemuel.PakiApp;
				PRODUCT_NAME = "$(TARGET_NAME)";
				PROVISIONING_PROFILE_SPECIFIER = "";
				SWIFT_VERSION = 5.0;
				TARGETED_DEVICE_FAMILY = 1;
			};
			name = Debug;
		};
		E33A72FB2454767F00AAD61A /* Release */ = {
			isa = XCBuildConfiguration;
			baseConfigurationReference = CFFE840B331C6E12264914B6 /* Pods-PakiApp.release.xcconfig */;
			buildSettings = {
				ASSETCATALOG_COMPILER_APPICON_NAME = AppIcon;
				CODE_SIGN_ENTITLEMENTS = PakiApp/PakiApp.entitlements;
				CODE_SIGN_IDENTITY = "Apple Development";
				CODE_SIGN_STYLE = Automatic;
				CURRENT_PROJECT_VERSION = 2;
				DEVELOPMENT_TEAM = XUN95V9WDZ;
				INFOPLIST_FILE = PakiApp/Info.plist;
				LD_RUNPATH_SEARCH_PATHS = (
					"$(inherited)",
					"@executable_path/Frameworks",
				);
				PRODUCT_BUNDLE_IDENTIFIER = com.Kemuel.PakiApp;
				PRODUCT_NAME = "$(TARGET_NAME)";
				PROVISIONING_PROFILE_SPECIFIER = "";
				SWIFT_VERSION = 5.0;
				TARGETED_DEVICE_FAMILY = 1;
			};
			name = Release;
		};
/* End XCBuildConfiguration section */

/* Begin XCConfigurationList section */
		E33A72E02454767C00AAD61A /* Build configuration list for PBXProject "PakiApp" */ = {
			isa = XCConfigurationList;
			buildConfigurations = (
				E33A72F72454767F00AAD61A /* Debug */,
				E33A72F82454767F00AAD61A /* Release */,
			);
			defaultConfigurationIsVisible = 0;
			defaultConfigurationName = Release;
		};
		E33A72F92454767F00AAD61A /* Build configuration list for PBXNativeTarget "PakiApp" */ = {
			isa = XCConfigurationList;
			buildConfigurations = (
				E33A72FA2454767F00AAD61A /* Debug */,
				E33A72FB2454767F00AAD61A /* Release */,
			);
			defaultConfigurationIsVisible = 0;
			defaultConfigurationName = Release;
		};
/* End XCConfigurationList section */
	};
	rootObject = E33A72DD2454767C00AAD61A /* Project object */;
}
